
Microsoft Visual Studio Solution File, Format Version 11.00
# Visual Studio 2010
Project("{FAE04EC0-301F-11D3-BF4B-00C04F79EFBC}") = "YourKata.Tests", "YourKata.Tests\YourKata.Tests.csproj", "{427992FA-AD94-4B71-BF37-6066A7111EC1}"
EndProject
Global
	GlobalSection(SolutionConfigurationPlatforms) = preSolution
		Debug|Any CPU = Debug|Any CPU
		Release|Any CPU = Release|Any CPU
	EndGlobalSection
	GlobalSection(ProjectConfigurationPlatforms) = postSolution
		{427992FA-AD94-4B71-BF37-6066A7111EC1}.Debug|Any CPU.ActiveCfg = Debug|Any CPU
		{427992FA-AD94-4B71-BF37-6066A7111EC1}.Debug|Any CPU.Build.0 = Debug|Any CPU
		{427992FA-AD94-4B71-BF37-6066A7111EC1}.Release|Any CPU.ActiveCfg = Release|Any CPU
		{427992FA-AD94-4B71-BF37-6066A7111EC1}.Release|Any CPU.Build.0 = Release|Any CPU
	EndGlobalSection
	GlobalSection(SolutionProperties) = preSolution
		HideSolutionNode = FALSE
	EndGlobalSection
EndGlobal
